// !$*UTF8*$!
{
	archiveVersion = 1;
	classes = {
	};
	objectVersion = 55;
	objects = {

/* Begin PBXBuildFile section */
		29A3BBCB4BB3ACDE4DA13CBD /* Pods_LottieTest.framework in Frameworks */ = {isa = PBXBuildFile; fileRef = F8575A4E4F747E0B3C001008 /* Pods_LottieTest.framework */; };
		3478FBD02F07FBA2E284FC3D /* Pods_LottieTestTests.framework in Frameworks */ = {isa = PBXBuildFile; fileRef = 0E5B42C3F119138A9CD2E5B1 /* Pods_LottieTestTests.framework */; };
		4A437CDD27D5D5A8006C110D /* LottieTestApp.swift in Sources */ = {isa = PBXBuildFile; fileRef = 4A437CDC27D5D5A8006C110D /* LottieTestApp.swift */; };
		4A437CDF27D5D5A8006C110D /* ContentView.swift in Sources */ = {isa = PBXBuildFile; fileRef = 4A437CDE27D5D5A8006C110D /* ContentView.swift */; };
		4A437CE127D5D5AC006C110D /* Assets.xcassets in Resources */ = {isa = PBXBuildFile; fileRef = 4A437CE027D5D5AC006C110D /* Assets.xcassets */; };
		4A437CE427D5D5AC006C110D /* Preview Assets.xcassets in Resources */ = {isa = PBXBuildFile; fileRef = 4A437CE327D5D5AC006C110D /* Preview Assets.xcassets */; };
		4A437CEE27D5D5AD006C110D /* LottieTestTests.swift in Sources */ = {isa = PBXBuildFile; fileRef = 4A437CED27D5D5AD006C110D /* LottieTestTests.swift */; };
		4A437CF827D5D5AD006C110D /* LottieTestUITests.swift in Sources */ = {isa = PBXBuildFile; fileRef = 4A437CF727D5D5AD006C110D /* LottieTestUITests.swift */; };
		4A437CFA27D5D5AD006C110D /* LottieTestUITestsLaunchTests.swift in Sources */ = {isa = PBXBuildFile; fileRef = 4A437CF927D5D5AD006C110D /* LottieTestUITestsLaunchTests.swift */; };
		4A437D0727D5DA89006C110D /* LottieView.swift in Sources */ = {isa = PBXBuildFile; fileRef = 4A437D0627D5DA89006C110D /* LottieView.swift */; };
		4A437D0927D5DC19006C110D /* 96181-rubiks-cube.json in Resources */ = {isa = PBXBuildFile; fileRef = 4A437D0827D5DC19006C110D /* 96181-rubiks-cube.json */; };
		4A437D0B27D5DE06006C110D /* 96489-top-badge-animation.json in Resources */ = {isa = PBXBuildFile; fileRef = 4A437D0A27D5DE06006C110D /* 96489-top-badge-animation.json */; };
		4AABF79227D6459E0066136A /* ListView.swift in Sources */ = {isa = PBXBuildFile; fileRef = 4AABF79127D6459E0066136A /* ListView.swift */; };
		4AABF79427D645E50066136A /* LottieAPI.swift in Sources */ = {isa = PBXBuildFile; fileRef = 4AABF79327D645E50066136A /* LottieAPI.swift */; };
		4AABF79627D64E080066136A /* FeaturedLottieResponse.swift in Sources */ = {isa = PBXBuildFile; fileRef = 4AABF79527D64E080066136A /* FeaturedLottieResponse.swift */; };
		4AABF79827D64F690066136A /* ListViewModel.swift in Sources */ = {isa = PBXBuildFile; fileRef = 4AABF79727D64F690066136A /* ListViewModel.swift */; };
		4AABF79A27D6EE3D0066136A /* RemoteLottieView.swift in Sources */ = {isa = PBXBuildFile; fileRef = 4AABF79927D6EE3C0066136A /* RemoteLottieView.swift */; };
		4AABF79C27D6F3450066136A /* RemoteLottieViewModel.swift in Sources */ = {isa = PBXBuildFile; fileRef = 4AABF79B27D6F3440066136A /* RemoteLottieViewModel.swift */; };
		4AABF79E27D6F76D0066136A /* RowView.swift in Sources */ = {isa = PBXBuildFile; fileRef = 4AABF79D27D6F76D0066136A /* RowView.swift */; };
		4AABF7A027D70A150066136A /* RowViewModel.swift in Sources */ = {isa = PBXBuildFile; fileRef = 4AABF79F27D70A150066136A /* RowViewModel.swift */; };
		7960AA67BAF6CF5F61BF0610 /* Pods_LottieTest_LottieTestUITests.framework in Frameworks */ = {isa = PBXBuildFile; fileRef = 8F0B16639C2667D1A2C4A364 /* Pods_LottieTest_LottieTestUITests.framework */; };
/* End PBXBuildFile section */

/* Begin PBXContainerItemProxy section */
		4A437CEA27D5D5AD006C110D /* PBXContainerItemProxy */ = {
			isa = PBXContainerItemProxy;
			containerPortal = 4A437CD127D5D5A8006C110D /* Project object */;
			proxyType = 1;
			remoteGlobalIDString = 4A437CD827D5D5A8006C110D;
			remoteInfo = LottieTest;
		};
		4A437CF427D5D5AD006C110D /* PBXContainerItemProxy */ = {
			isa = PBXContainerItemProxy;
			containerPortal = 4A437CD127D5D5A8006C110D /* Project object */;
			proxyType = 1;
			remoteGlobalIDString = 4A437CD827D5D5A8006C110D;
			remoteInfo = LottieTest;
		};
/* End PBXContainerItemProxy section */

/* Begin PBXFileReference section */
		070EAAB81346EB635DDD92B8 /* Pods-LottieTestTests.debug.xcconfig */ = {isa = PBXFileReference; includeInIndex = 1; lastKnownFileType = text.xcconfig; name = "Pods-LottieTestTests.debug.xcconfig"; path = "Target Support Files/Pods-LottieTestTests/Pods-LottieTestTests.debug.xcconfig"; sourceTree = "<group>"; };
		0E5B42C3F119138A9CD2E5B1 /* Pods_LottieTestTests.framework */ = {isa = PBXFileReference; explicitFileType = wrapper.framework; includeInIndex = 0; path = Pods_LottieTestTests.framework; sourceTree = BUILT_PRODUCTS_DIR; };
		13533E144F6F8DB07A118AF5 /* Pods-LottieTestTests.release.xcconfig */ = {isa = PBXFileReference; includeInIndex = 1; lastKnownFileType = text.xcconfig; name = "Pods-LottieTestTests.release.xcconfig"; path = "Target Support Files/Pods-LottieTestTests/Pods-LottieTestTests.release.xcconfig"; sourceTree = "<group>"; };
		4A437CD927D5D5A8006C110D /* LottieTest.app */ = {isa = PBXFileReference; explicitFileType = wrapper.application; includeInIndex = 0; path = LottieTest.app; sourceTree = BUILT_PRODUCTS_DIR; };
		4A437CDC27D5D5A8006C110D /* LottieTestApp.swift */ = {isa = PBXFileReference; lastKnownFileType = sourcecode.swift; path = LottieTestApp.swift; sourceTree = "<group>"; };
		4A437CDE27D5D5A8006C110D /* ContentView.swift */ = {isa = PBXFileReference; lastKnownFileType = sourcecode.swift; path = ContentView.swift; sourceTree = "<group>"; };
		4A437CE027D5D5AC006C110D /* Assets.xcassets */ = {isa = PBXFileReference; lastKnownFileType = folder.assetcatalog; path = Assets.xcassets; sourceTree = "<group>"; };
		4A437CE327D5D5AC006C110D /* Preview Assets.xcassets */ = {isa = PBXFileReference; lastKnownFileType = folder.assetcatalog; path = "Preview Assets.xcassets"; sourceTree = "<group>"; };
		4A437CE927D5D5AD006C110D /* LottieTestTests.xctest */ = {isa = PBXFileReference; explicitFileType = wrapper.cfbundle; includeInIndex = 0; path = LottieTestTests.xctest; sourceTree = BUILT_PRODUCTS_DIR; };
		4A437CED27D5D5AD006C110D /* LottieTestTests.swift */ = {isa = PBXFileReference; lastKnownFileType = sourcecode.swift; path = LottieTestTests.swift; sourceTree = "<group>"; };
		4A437CF327D5D5AD006C110D /* LottieTestUITests.xctest */ = {isa = PBXFileReference; explicitFileType = wrapper.cfbundle; includeInIndex = 0; path = LottieTestUITests.xctest; sourceTree = BUILT_PRODUCTS_DIR; };
		4A437CF727D5D5AD006C110D /* LottieTestUITests.swift */ = {isa = PBXFileReference; lastKnownFileType = sourcecode.swift; path = LottieTestUITests.swift; sourceTree = "<group>"; };
		4A437CF927D5D5AD006C110D /* LottieTestUITestsLaunchTests.swift */ = {isa = PBXFileReference; lastKnownFileType = sourcecode.swift; path = LottieTestUITestsLaunchTests.swift; sourceTree = "<group>"; };
		4A437D0627D5DA89006C110D /* LottieView.swift */ = {isa = PBXFileReference; lastKnownFileType = sourcecode.swift; path = LottieView.swift; sourceTree = "<group>"; };
		4A437D0827D5DC19006C110D /* 96181-rubiks-cube.json */ = {isa = PBXFileReference; fileEncoding = 4; lastKnownFileType = text.json; path = "96181-rubiks-cube.json"; sourceTree = "<group>"; };
		4A437D0A27D5DE06006C110D /* 96489-top-badge-animation.json */ = {isa = PBXFileReference; fileEncoding = 4; lastKnownFileType = text.json; path = "96489-top-badge-animation.json"; sourceTree = "<group>"; };
		4AABF79127D6459E0066136A /* ListView.swift */ = {isa = PBXFileReference; lastKnownFileType = sourcecode.swift; path = ListView.swift; sourceTree = "<group>"; };
		4AABF79327D645E50066136A /* LottieAPI.swift */ = {isa = PBXFileReference; lastKnownFileType = sourcecode.swift; path = LottieAPI.swift; sourceTree = "<group>"; };
		4AABF79527D64E080066136A /* FeaturedLottieResponse.swift */ = {isa = PBXFileReference; lastKnownFileType = sourcecode.swift; path = FeaturedLottieResponse.swift; sourceTree = "<group>"; };
		4AABF79727D64F690066136A /* ListViewModel.swift */ = {isa = PBXFileReference; lastKnownFileType = sourcecode.swift; path = ListViewModel.swift; sourceTree = "<group>"; };
		4AABF79927D6EE3C0066136A /* RemoteLottieView.swift */ = {isa = PBXFileReference; lastKnownFileType = sourcecode.swift; path = RemoteLottieView.swift; sourceTree = "<group>"; };
		4AABF79B27D6F3440066136A /* RemoteLottieViewModel.swift */ = {isa = PBXFileReference; lastKnownFileType = sourcecode.swift; path = RemoteLottieViewModel.swift; sourceTree = "<group>"; };
		4AABF79D27D6F76D0066136A /* RowView.swift */ = {isa = PBXFileReference; lastKnownFileType = sourcecode.swift; path = RowView.swift; sourceTree = "<group>"; };
		4AABF79F27D70A150066136A /* RowViewModel.swift */ = {isa = PBXFileReference; lastKnownFileType = sourcecode.swift; path = RowViewModel.swift; sourceTree = "<group>"; };
		6236261407F92F9987D7CEB3 /* Pods-LottieTest.release.xcconfig */ = {isa = PBXFileReference; includeInIndex = 1; lastKnownFileType = text.xcconfig; name = "Pods-LottieTest.release.xcconfig"; path = "Target Support Files/Pods-LottieTest/Pods-LottieTest.release.xcconfig"; sourceTree = "<group>"; };
		8F0B16639C2667D1A2C4A364 /* Pods_LottieTest_LottieTestUITests.framework */ = {isa = PBXFileReference; explicitFileType = wrapper.framework; includeInIndex = 0; path = Pods_LottieTest_LottieTestUITests.framework; sourceTree = BUILT_PRODUCTS_DIR; };
		93C12A6F71FE0DDEC746270A /* Pods-LottieTest-LottieTestUITests.debug.xcconfig */ = {isa = PBXFileReference; includeInIndex = 1; lastKnownFileType = text.xcconfig; name = "Pods-LottieTest-LottieTestUITests.debug.xcconfig"; path = "Target Support Files/Pods-LottieTest-LottieTestUITests/Pods-LottieTest-LottieTestUITests.debug.xcconfig"; sourceTree = "<group>"; };
		DA7DD2E3F257DE87D41151CD /* Pods-LottieTest.debug.xcconfig */ = {isa = PBXFileReference; includeInIndex = 1; lastKnownFileType = text.xcconfig; name = "Pods-LottieTest.debug.xcconfig"; path = "Target Support Files/Pods-LottieTest/Pods-LottieTest.debug.xcconfig"; sourceTree = "<group>"; };
		F44F26BD31255B8357E8D52B /* Pods-LottieTest-LottieTestUITests.release.xcconfig */ = {isa = PBXFileReference; includeInIndex = 1; lastKnownFileType = text.xcconfig; name = "Pods-LottieTest-LottieTestUITests.release.xcconfig"; path = "Target Support Files/Pods-LottieTest-LottieTestUITests/Pods-LottieTest-LottieTestUITests.release.xcconfig"; sourceTree = "<group>"; };
		F8575A4E4F747E0B3C001008 /* Pods_LottieTest.framework */ = {isa = PBXFileReference; explicitFileType = wrapper.framework; includeInIndex = 0; path = Pods_LottieTest.framework; sourceTree = BUILT_PRODUCTS_DIR; };
/* End PBXFileReference section */

/* Begin PBXFrameworksBuildPhase section */
		4A437CD627D5D5A8006C110D /* Frameworks */ = {
			isa = PBXFrameworksBuildPhase;
			buildActionMask = 2147483647;
			files = (
				29A3BBCB4BB3ACDE4DA13CBD /* Pods_LottieTest.framework in Frameworks */,
			);
			runOnlyForDeploymentPostprocessing = 0;
		};
		4A437CE627D5D5AD006C110D /* Frameworks */ = {
			isa = PBXFrameworksBuildPhase;
			buildActionMask = 2147483647;
			files = (
				3478FBD02F07FBA2E284FC3D /* Pods_LottieTestTests.framework in Frameworks */,
			);
			runOnlyForDeploymentPostprocessing = 0;
		};
		4A437CF027D5D5AD006C110D /* Frameworks */ = {
			isa = PBXFrameworksBuildPhase;
			buildActionMask = 2147483647;
			files = (
				7960AA67BAF6CF5F61BF0610 /* Pods_LottieTest_LottieTestUITests.framework in Frameworks */,
			);
			runOnlyForDeploymentPostprocessing = 0;
		};
/* End PBXFrameworksBuildPhase section */

/* Begin PBXGroup section */
		4A437CD027D5D5A8006C110D = {
			isa = PBXGroup;
			children = (
				4A437CDB27D5D5A8006C110D /* LottieTest */,
				4A437CEC27D5D5AD006C110D /* LottieTestTests */,
				4A437CF627D5D5AD006C110D /* LottieTestUITests */,
				4A437CDA27D5D5A8006C110D /* Products */,
				CE6AAFB323A266C58EE495D9 /* Pods */,
				9CC53B0C2F7151EB6052287E /* Frameworks */,
			);
			sourceTree = "<group>";
		};
		4A437CDA27D5D5A8006C110D /* Products */ = {
			isa = PBXGroup;
			children = (
				4A437CD927D5D5A8006C110D /* LottieTest.app */,
				4A437CE927D5D5AD006C110D /* LottieTestTests.xctest */,
				4A437CF327D5D5AD006C110D /* LottieTestUITests.xctest */,
			);
			name = Products;
			sourceTree = "<group>";
		};
		4A437CDB27D5D5A8006C110D /* LottieTest */ = {
			isa = PBXGroup;
			children = (
				4A437CDC27D5D5A8006C110D /* LottieTestApp.swift */,
				4A437CDE27D5D5A8006C110D /* ContentView.swift */,
				4A437CE027D5D5AC006C110D /* Assets.xcassets */,
				4A437D0A27D5DE06006C110D /* 96489-top-badge-animation.json */,
				4A437D0827D5DC19006C110D /* 96181-rubiks-cube.json */,
				4A437CE227D5D5AC006C110D /* Preview Content */,
				4A437D0627D5DA89006C110D /* LottieView.swift */,
				4AABF79127D6459E0066136A /* ListView.swift */,
				4AABF79D27D6F76D0066136A /* RowView.swift */,
				4AABF79F27D70A150066136A /* RowViewModel.swift */,
				4AABF79727D64F690066136A /* ListViewModel.swift */,
				4AABF79B27D6F3440066136A /* RemoteLottieViewModel.swift */,
				4AABF79927D6EE3C0066136A /* RemoteLottieView.swift */,
				4AABF79327D645E50066136A /* LottieAPI.swift */,
				4AABF79527D64E080066136A /* FeaturedLottieResponse.swift */,
			);
			path = LottieTest;
			sourceTree = "<group>";
		};
		4A437CE227D5D5AC006C110D /* Preview Content */ = {
			isa = PBXGroup;
			children = (
				4A437CE327D5D5AC006C110D /* Preview Assets.xcassets */,
			);
			path = "Preview Content";
			sourceTree = "<group>";
		};
		4A437CEC27D5D5AD006C110D /* LottieTestTests */ = {
			isa = PBXGroup;
			children = (
				4A437CED27D5D5AD006C110D /* LottieTestTests.swift */,
			);
			path = LottieTestTests;
			sourceTree = "<group>";
		};
		4A437CF627D5D5AD006C110D /* LottieTestUITests */ = {
			isa = PBXGroup;
			children = (
				4A437CF727D5D5AD006C110D /* LottieTestUITests.swift */,
				4A437CF927D5D5AD006C110D /* LottieTestUITestsLaunchTests.swift */,
			);
			path = LottieTestUITests;
			sourceTree = "<group>";
		};
		9CC53B0C2F7151EB6052287E /* Frameworks */ = {
			isa = PBXGroup;
			children = (
				F8575A4E4F747E0B3C001008 /* Pods_LottieTest.framework */,
				8F0B16639C2667D1A2C4A364 /* Pods_LottieTest_LottieTestUITests.framework */,
				0E5B42C3F119138A9CD2E5B1 /* Pods_LottieTestTests.framework */,
			);
			name = Frameworks;
			sourceTree = "<group>";
		};
		CE6AAFB323A266C58EE495D9 /* Pods */ = {
			isa = PBXGroup;
			children = (
				DA7DD2E3F257DE87D41151CD /* Pods-LottieTest.debug.xcconfig */,
				6236261407F92F9987D7CEB3 /* Pods-LottieTest.release.xcconfig */,
				93C12A6F71FE0DDEC746270A /* Pods-LottieTest-LottieTestUITests.debug.xcconfig */,
				F44F26BD31255B8357E8D52B /* Pods-LottieTest-LottieTestUITests.release.xcconfig */,
				070EAAB81346EB635DDD92B8 /* Pods-LottieTestTests.debug.xcconfig */,
				13533E144F6F8DB07A118AF5 /* Pods-LottieTestTests.release.xcconfig */,
			);
			path = Pods;
			sourceTree = "<group>";
		};
/* End PBXGroup section */

/* Begin PBXNativeTarget section */
		4A437CD827D5D5A8006C110D /* LottieTest */ = {
			isa = PBXNativeTarget;
			buildConfigurationList = 4A437CFD27D5D5AD006C110D /* Build configuration list for PBXNativeTarget "LottieTest" */;
			buildPhases = (
				841B042EBB24EF44932645E2 /* [CP] Check Pods Manifest.lock */,
				4A437CD527D5D5A8006C110D /* Sources */,
				4A437CD627D5D5A8006C110D /* Frameworks */,
				4A437CD727D5D5A8006C110D /* Resources */,
				8FDA108F3E6FCBFA0FB7BCBD /* [CP] Embed Pods Frameworks */,
			);
			buildRules = (
			);
			dependencies = (
			);
			name = LottieTest;
			productName = LottieTest;
			productReference = 4A437CD927D5D5A8006C110D /* LottieTest.app */;
			productType = "com.apple.product-type.application";
		};
		4A437CE827D5D5AD006C110D /* LottieTestTests */ = {
			isa = PBXNativeTarget;
			buildConfigurationList = 4A437D0027D5D5AD006C110D /* Build configuration list for PBXNativeTarget "LottieTestTests" */;
			buildPhases = (
				D3CE1EFC29DAEB3CCEF9F01D /* [CP] Check Pods Manifest.lock */,
				4A437CE527D5D5AD006C110D /* Sources */,
				4A437CE627D5D5AD006C110D /* Frameworks */,
				4A437CE727D5D5AD006C110D /* Resources */,
			);
			buildRules = (
			);
			dependencies = (
				4A437CEB27D5D5AD006C110D /* PBXTargetDependency */,
			);
			name = LottieTestTests;
			productName = LottieTestTests;
			productReference = 4A437CE927D5D5AD006C110D /* LottieTestTests.xctest */;
			productType = "com.apple.product-type.bundle.unit-test";
		};
		4A437CF227D5D5AD006C110D /* LottieTestUITests */ = {
			isa = PBXNativeTarget;
			buildConfigurationList = 4A437D0327D5D5AD006C110D /* Build configuration list for PBXNativeTarget "LottieTestUITests" */;
			buildPhases = (
				5A75CA529E471BC89E07253A /* [CP] Check Pods Manifest.lock */,
				4A437CEF27D5D5AD006C110D /* Sources */,
				4A437CF027D5D5AD006C110D /* Frameworks */,
				4A437CF127D5D5AD006C110D /* Resources */,
				15BEA14D704127BB24EB5261 /* [CP] Embed Pods Frameworks */,
			);
			buildRules = (
			);
			dependencies = (
				4A437CF527D5D5AD006C110D /* PBXTargetDependency */,
			);
			name = LottieTestUITests;
			productName = LottieTestUITests;
			productReference = 4A437CF327D5D5AD006C110D /* LottieTestUITests.xctest */;
			productType = "com.apple.product-type.bundle.ui-testing";
		};
/* End PBXNativeTarget section */

/* Begin PBXProject section */
		4A437CD127D5D5A8006C110D /* Project object */ = {
			isa = PBXProject;
			attributes = {
				BuildIndependentTargetsInParallel = 1;
				LastSwiftUpdateCheck = 1300;
				LastUpgradeCheck = 1300;
				TargetAttributes = {
					4A437CD827D5D5A8006C110D = {
						CreatedOnToolsVersion = 13.0;
					};
					4A437CE827D5D5AD006C110D = {
						CreatedOnToolsVersion = 13.0;
						TestTargetID = 4A437CD827D5D5A8006C110D;
					};
					4A437CF227D5D5AD006C110D = {
						CreatedOnToolsVersion = 13.0;
						TestTargetID = 4A437CD827D5D5A8006C110D;
					};
				};
			};
			buildConfigurationList = 4A437CD427D5D5A8006C110D /* Build configuration list for PBXProject "LottieTest" */;
			compatibilityVersion = "Xcode 13.0";
			developmentRegion = en;
			hasScannedForEncodings = 0;
			knownRegions = (
				en,
				Base,
			);
			mainGroup = 4A437CD027D5D5A8006C110D;
			productRefGroup = 4A437CDA27D5D5A8006C110D /* Products */;
			projectDirPath = "";
			projectRoot = "";
			targets = (
				4A437CD827D5D5A8006C110D /* LottieTest */,
				4A437CE827D5D5AD006C110D /* LottieTestTests */,
				4A437CF227D5D5AD006C110D /* LottieTestUITests */,
			);
		};
/* End PBXProject section */

/* Begin PBXResourcesBuildPhase section */
		4A437CD727D5D5A8006C110D /* Resources */ = {
			isa = PBXResourcesBuildPhase;
			buildActionMask = 2147483647;
			files = (
				4A437CE427D5D5AC006C110D /* Preview Assets.xcassets in Resources */,
				4A437CE127D5D5AC006C110D /* Assets.xcassets in Resources */,
				4A437D0927D5DC19006C110D /* 96181-rubiks-cube.json in Resources */,
				4A437D0B27D5DE06006C110D /* 96489-top-badge-animation.json in Resources */,
			);
			runOnlyForDeploymentPostprocessing = 0;
		};
		4A437CE727D5D5AD006C110D /* Resources */ = {
			isa = PBXResourcesBuildPhase;
			buildActionMask = 2147483647;
			files = (
			);
			runOnlyForDeploymentPostprocessing = 0;
		};
		4A437CF127D5D5AD006C110D /* Resources */ = {
			isa = PBXResourcesBuildPhase;
			buildActionMask = 2147483647;
			files = (
			);
			runOnlyForDeploymentPostprocessing = 0;
		};
/* End PBXResourcesBuildPhase section */

/* Begin PBXShellScriptBuildPhase section */
		15BEA14D704127BB24EB5261 /* [CP] Embed Pods Frameworks */ = {
			isa = PBXShellScriptBuildPhase;
			buildActionMask = 2147483647;
			files = (
			);
			inputFileListPaths = (
				"${PODS_ROOT}/Target Support Files/Pods-LottieTest-LottieTestUITests/Pods-LottieTest-LottieTestUITests-frameworks-${CONFIGURATION}-input-files.xcfilelist",
			);
			name = "[CP] Embed Pods Frameworks";
			outputFileListPaths = (
				"${PODS_ROOT}/Target Support Files/Pods-LottieTest-LottieTestUITests/Pods-LottieTest-LottieTestUITests-frameworks-${CONFIGURATION}-output-files.xcfilelist",
			);
			runOnlyForDeploymentPostprocessing = 0;
			shellPath = /bin/sh;
			shellScript = "\"${PODS_ROOT}/Target Support Files/Pods-LottieTest-LottieTestUITests/Pods-LottieTest-LottieTestUITests-frameworks.sh\"\n";
			showEnvVarsInLog = 0;
		};
		5A75CA529E471BC89E07253A /* [CP] Check Pods Manifest.lock */ = {
			isa = PBXShellScriptBuildPhase;
			buildActionMask = 2147483647;
			files = (
			);
			inputFileListPaths = (
			);
			inputPaths = (
				"${PODS_PODFILE_DIR_PATH}/Podfile.lock",
				"${PODS_ROOT}/Manifest.lock",
			);
			name = "[CP] Check Pods Manifest.lock";
			outputFileListPaths = (
			);
			outputPaths = (
				"$(DERIVED_FILE_DIR)/Pods-LottieTest-LottieTestUITests-checkManifestLockResult.txt",
			);
			runOnlyForDeploymentPostprocessing = 0;
			shellPath = /bin/sh;
			shellScript = "diff \"${PODS_PODFILE_DIR_PATH}/Podfile.lock\" \"${PODS_ROOT}/Manifest.lock\" > /dev/null\nif [ $? != 0 ] ; then\n    # print error to STDERR\n    echo \"error: The sandbox is not in sync with the Podfile.lock. Run 'pod install' or update your CocoaPods installation.\" >&2\n    exit 1\nfi\n# This output is used by Xcode 'outputs' to avoid re-running this script phase.\necho \"SUCCESS\" > \"${SCRIPT_OUTPUT_FILE_0}\"\n";
			showEnvVarsInLog = 0;
		};
		841B042EBB24EF44932645E2 /* [CP] Check Pods Manifest.lock */ = {
			isa = PBXShellScriptBuildPhase;
			buildActionMask = 2147483647;
			files = (
			);
			inputFileListPaths = (
			);
			inputPaths = (
				"${PODS_PODFILE_DIR_PATH}/Podfile.lock",
				"${PODS_ROOT}/Manifest.lock",
			);
			name = "[CP] Check Pods Manifest.lock";
			outputFileListPaths = (
			);
			outputPaths = (
				"$(DERIVED_FILE_DIR)/Pods-LottieTest-checkManifestLockResult.txt",
			);
			runOnlyForDeploymentPostprocessing = 0;
			shellPath = /bin/sh;
			shellScript = "diff \"${PODS_PODFILE_DIR_PATH}/Podfile.lock\" \"${PODS_ROOT}/Manifest.lock\" > /dev/null\nif [ $? != 0 ] ; then\n    # print error to STDERR\n    echo \"error: The sandbox is not in sync with the Podfile.lock. Run 'pod install' or update your CocoaPods installation.\" >&2\n    exit 1\nfi\n# This output is used by Xcode 'outputs' to avoid re-running this script phase.\necho \"SUCCESS\" > \"${SCRIPT_OUTPUT_FILE_0}\"\n";
			showEnvVarsInLog = 0;
		};
		8FDA108F3E6FCBFA0FB7BCBD /* [CP] Embed Pods Frameworks */ = {
			isa = PBXShellScriptBuildPhase;
			buildActionMask = 2147483647;
			files = (
			);
			inputFileListPaths = (
				"${PODS_ROOT}/Target Support Files/Pods-LottieTest/Pods-LottieTest-frameworks-${CONFIGURATION}-input-files.xcfilelist",
			);
			name = "[CP] Embed Pods Frameworks";
			outputFileListPaths = (
				"${PODS_ROOT}/Target Support Files/Pods-LottieTest/Pods-LottieTest-frameworks-${CONFIGURATION}-output-files.xcfilelist",
			);
			runOnlyForDeploymentPostprocessing = 0;
			shellPath = /bin/sh;
			shellScript = "\"${PODS_ROOT}/Target Support Files/Pods-LottieTest/Pods-LottieTest-frameworks.sh\"\n";
			showEnvVarsInLog = 0;
		};
		D3CE1EFC29DAEB3CCEF9F01D /* [CP] Check Pods Manifest.lock */ = {
			isa = PBXShellScriptBuildPhase;
			buildActionMask = 2147483647;
			files = (
			);
			inputFileListPaths = (
			);
			inputPaths = (
				"${PODS_PODFILE_DIR_PATH}/Podfile.lock",
				"${PODS_ROOT}/Manifest.lock",
			);
			name = "[CP] Check Pods Manifest.lock";
			outputFileListPaths = (
			);
			outputPaths = (
				"$(DERIVED_FILE_DIR)/Pods-LottieTestTests-checkManifestLockResult.txt",
			);
			runOnlyForDeploymentPostprocessing = 0;
			shellPath = /bin/sh;
			shellScript = "diff \"${PODS_PODFILE_DIR_PATH}/Podfile.lock\" \"${PODS_ROOT}/Manifest.lock\" > /dev/null\nif [ $? != 0 ] ; then\n    # print error to STDERR\n    echo \"error: The sandbox is not in sync with the Podfile.lock. Run 'pod install' or update your CocoaPods installation.\" >&2\n    exit 1\nfi\n# This output is used by Xcode 'outputs' to avoid re-running this script phase.\necho \"SUCCESS\" > \"${SCRIPT_OUTPUT_FILE_0}\"\n";
			showEnvVarsInLog = 0;
		};
/* End PBXShellScriptBuildPhase section */

/* Begin PBXSourcesBuildPhase section */
		4A437CD527D5D5A8006C110D /* Sources */ = {
			isa = PBXSourcesBuildPhase;
			buildActionMask = 2147483647;
			files = (
				4AABF79227D6459E0066136A /* ListView.swift in Sources */,
				4AABF79E27D6F76D0066136A /* RowView.swift in Sources */,
				4AABF79A27D6EE3D0066136A /* RemoteLottieView.swift in Sources */,
				4A437CDF27D5D5A8006C110D /* ContentView.swift in Sources */,
				4AABF79827D64F690066136A /* ListViewModel.swift in Sources */,
				4AABF79C27D6F3450066136A /* RemoteLottieViewModel.swift in Sources */,
				4AABF79427D645E50066136A /* LottieAPI.swift in Sources */,
				4A437CDD27D5D5A8006C110D /* LottieTestApp.swift in Sources */,
				4A437D0727D5DA89006C110D /* LottieView.swift in Sources */,
				4AABF7A027D70A150066136A /* RowViewModel.swift in Sources */,
				4AABF79627D64E080066136A /* FeaturedLottieResponse.swift in Sources */,
			);
			runOnlyForDeploymentPostprocessing = 0;
		};
		4A437CE527D5D5AD006C110D /* Sources */ = {
			isa = PBXSourcesBuildPhase;
			buildActionMask = 2147483647;
			files = (
				4A437CEE27D5D5AD006C110D /* LottieTestTests.swift in Sources */,
			);
			runOnlyForDeploymentPostprocessing = 0;
		};
		4A437CEF27D5D5AD006C110D /* Sources */ = {
			isa = PBXSourcesBuildPhase;
			buildActionMask = 2147483647;
			files = (
				4A437CF827D5D5AD006C110D /* LottieTestUITests.swift in Sources */,
				4A437CFA27D5D5AD006C110D /* LottieTestUITestsLaunchTests.swift in Sources */,
			);
			runOnlyForDeploymentPostprocessing = 0;
		};
/* End PBXSourcesBuildPhase section */

/* Begin PBXTargetDependency section */
		4A437CEB27D5D5AD006C110D /* PBXTargetDependency */ = {
			isa = PBXTargetDependency;
			target = 4A437CD827D5D5A8006C110D /* LottieTest */;
			targetProxy = 4A437CEA27D5D5AD006C110D /* PBXContainerItemProxy */;
		};
		4A437CF527D5D5AD006C110D /* PBXTargetDependency */ = {
			isa = PBXTargetDependency;
			target = 4A437CD827D5D5A8006C110D /* LottieTest */;
			targetProxy = 4A437CF427D5D5AD006C110D /* PBXContainerItemProxy */;
		};
/* End PBXTargetDependency section */

/* Begin XCBuildConfiguration section */
		4A437CFB27D5D5AD006C110D /* Debug */ = {
			isa = XCBuildConfiguration;
			buildSettings = {
				ALWAYS_SEARCH_USER_PATHS = NO;
				CLANG_ANALYZER_NONNULL = YES;
				CLANG_ANALYZER_NUMBER_OBJECT_CONVERSION = YES_AGGRESSIVE;
				CLANG_CXX_LANGUAGE_STANDARD = "gnu++17";
				CLANG_CXX_LIBRARY = "libc++";
				CLANG_ENABLE_MODULES = YES;
				CLANG_ENABLE_OBJC_ARC = YES;
				CLANG_ENABLE_OBJC_WEAK = YES;
				CLANG_WARN_BLOCK_CAPTURE_AUTORELEASING = YES;
				CLANG_WARN_BOOL_CONVERSION = YES;
				CLANG_WARN_COMMA = YES;
				CLANG_WARN_CONSTANT_CONVERSION = YES;
				CLANG_WARN_DEPRECATED_OBJC_IMPLEMENTATIONS = YES;
				CLANG_WARN_DIRECT_OBJC_ISA_USAGE = YES_ERROR;
				CLANG_WARN_DOCUMENTATION_COMMENTS = YES;
				CLANG_WARN_EMPTY_BODY = YES;
				CLANG_WARN_ENUM_CONVERSION = YES;
				CLANG_WARN_INFINITE_RECURSION = YES;
				CLANG_WARN_INT_CONVERSION = YES;
				CLANG_WARN_NON_LITERAL_NULL_CONVERSION = YES;
				CLANG_WARN_OBJC_IMPLICIT_RETAIN_SELF = YES;
				CLANG_WARN_OBJC_LITERAL_CONVERSION = YES;
				CLANG_WARN_OBJC_ROOT_CLASS = YES_ERROR;
				CLANG_WARN_QUOTED_INCLUDE_IN_FRAMEWORK_HEADER = YES;
				CLANG_WARN_RANGE_LOOP_ANALYSIS = YES;
				CLANG_WARN_STRICT_PROTOTYPES = YES;
				CLANG_WARN_SUSPICIOUS_MOVE = YES;
				CLANG_WARN_UNGUARDED_AVAILABILITY = YES_AGGRESSIVE;
				CLANG_WARN_UNREACHABLE_CODE = YES;
				CLANG_WARN__DUPLICATE_METHOD_MATCH = YES;
				COPY_PHASE_STRIP = NO;
				DEBUG_INFORMATION_FORMAT = dwarf;
				ENABLE_STRICT_OBJC_MSGSEND = YES;
				ENABLE_TESTABILITY = YES;
				GCC_C_LANGUAGE_STANDARD = gnu11;
				GCC_DYNAMIC_NO_PIC = NO;
				GCC_NO_COMMON_BLOCKS = YES;
				GCC_OPTIMIZATION_LEVEL = 0;
				GCC_PREPROCESSOR_DEFINITIONS = (
					"DEBUG=1",
					"$(inherited)",
				);
				GCC_WARN_64_TO_32_BIT_CONVERSION = YES;
				GCC_WARN_ABOUT_RETURN_TYPE = YES_ERROR;
				GCC_WARN_UNDECLARED_SELECTOR = YES;
				GCC_WARN_UNINITIALIZED_AUTOS = YES_AGGRESSIVE;
				GCC_WARN_UNUSED_FUNCTION = YES;
				GCC_WARN_UNUSED_VARIABLE = YES;
				IPHONEOS_DEPLOYMENT_TARGET = 15.0;
				MTL_ENABLE_DEBUG_INFO = INCLUDE_SOURCE;
				MTL_FAST_MATH = YES;
				ONLY_ACTIVE_ARCH = YES;
				SDKROOT = iphoneos;
				SWIFT_ACTIVE_COMPILATION_CONDITIONS = DEBUG;
				SWIFT_OPTIMIZATION_LEVEL = "-Onone";
			};
			name = Debug;
		};
		4A437CFC27D5D5AD006C110D /* Release */ = {
			isa = XCBuildConfiguration;
			buildSettings = {
				ALWAYS_SEARCH_USER_PATHS = NO;
				CLANG_ANALYZER_NONNULL = YES;
				CLANG_ANALYZER_NUMBER_OBJECT_CONVERSION = YES_AGGRESSIVE;
				CLANG_CXX_LANGUAGE_STANDARD = "gnu++17";
				CLANG_CXX_LIBRARY = "libc++";
				CLANG_ENABLE_MODULES = YES;
				CLANG_ENABLE_OBJC_ARC = YES;
				CLANG_ENABLE_OBJC_WEAK = YES;
				CLANG_WARN_BLOCK_CAPTURE_AUTORELEASING = YES;
				CLANG_WARN_BOOL_CONVERSION = YES;
				CLANG_WARN_COMMA = YES;
				CLANG_WARN_CONSTANT_CONVERSION = YES;
				CLANG_WARN_DEPRECATED_OBJC_IMPLEMENTATIONS = YES;
				CLANG_WARN_DIRECT_OBJC_ISA_USAGE = YES_ERROR;
				CLANG_WARN_DOCUMENTATION_COMMENTS = YES;
				CLANG_WARN_EMPTY_BODY = YES;
				CLANG_WARN_ENUM_CONVERSION = YES;
				CLANG_WARN_INFINITE_RECURSION = YES;
				CLANG_WARN_INT_CONVERSION = YES;
				CLANG_WARN_NON_LITERAL_NULL_CONVERSION = YES;
				CLANG_WARN_OBJC_IMPLICIT_RETAIN_SELF = YES;
				CLANG_WARN_OBJC_LITERAL_CONVERSION = YES;
				CLANG_WARN_OBJC_ROOT_CLASS = YES_ERROR;
				CLANG_WARN_QUOTED_INCLUDE_IN_FRAMEWORK_HEADER = YES;
				CLANG_WARN_RANGE_LOOP_ANALYSIS = YES;
				CLANG_WARN_STRICT_PROTOTYPES = YES;
				CLANG_WARN_SUSPICIOUS_MOVE = YES;
				CLANG_WARN_UNGUARDED_AVAILABILITY = YES_AGGRESSIVE;
				CLANG_WARN_UNREACHABLE_CODE = YES;
				CLANG_WARN__DUPLICATE_METHOD_MATCH = YES;
				COPY_PHASE_STRIP = NO;
				DEBUG_INFORMATION_FORMAT = "dwarf-with-dsym";
				ENABLE_NS_ASSERTIONS = NO;
				ENABLE_STRICT_OBJC_MSGSEND = YES;
				GCC_C_LANGUAGE_STANDARD = gnu11;
				GCC_NO_COMMON_BLOCKS = YES;
				GCC_WARN_64_TO_32_BIT_CONVERSION = YES;
				GCC_WARN_ABOUT_RETURN_TYPE = YES_ERROR;
				GCC_WARN_UNDECLARED_SELECTOR = YES;
				GCC_WARN_UNINITIALIZED_AUTOS = YES_AGGRESSIVE;
				GCC_WARN_UNUSED_FUNCTION = YES;
				GCC_WARN_UNUSED_VARIABLE = YES;
				IPHONEOS_DEPLOYMENT_TARGET = 15.0;
				MTL_ENABLE_DEBUG_INFO = NO;
				MTL_FAST_MATH = YES;
				SDKROOT = iphoneos;
				SWIFT_COMPILATION_MODE = wholemodule;
				SWIFT_OPTIMIZATION_LEVEL = "-O";
				VALIDATE_PRODUCT = YES;
			};
			name = Release;
		};
		4A437CFE27D5D5AD006C110D /* Debug */ = {
			isa = XCBuildConfiguration;
			baseConfigurationReference = DA7DD2E3F257DE87D41151CD /* Pods-LottieTest.debug.xcconfig */;
			buildSettings = {
				ASSETCATALOG_COMPILER_APPICON_NAME = AppIcon;
				ASSETCATALOG_COMPILER_GLOBAL_ACCENT_COLOR_NAME = AccentColor;
				CODE_SIGN_STYLE = Automatic;
				CURRENT_PROJECT_VERSION = 1;
				DEVELOPMENT_ASSET_PATHS = "\"LottieTest/Preview Content\"";
				DEVELOPMENT_TEAM = 96ZJY6AYCD;
				ENABLE_PREVIEWS = YES;
				GENERATE_INFOPLIST_FILE = YES;
				INFOPLIST_KEY_UIApplicationSceneManifest_Generation = YES;
				INFOPLIST_KEY_UIApplicationSupportsIndirectInputEvents = YES;
				INFOPLIST_KEY_UILaunchScreen_Generation = YES;
				INFOPLIST_KEY_UISupportedInterfaceOrientations_iPad = "UIInterfaceOrientationPortrait UIInterfaceOrientationPortraitUpsideDown UIInterfaceOrientationLandscapeLeft UIInterfaceOrientationLandscapeRight";
				INFOPLIST_KEY_UISupportedInterfaceOrientations_iPhone = "UIInterfaceOrientationPortrait UIInterfaceOrientationLandscapeLeft UIInterfaceOrientationLandscapeRight";
				IPHONEOS_DEPLOYMENT_TARGET = 14.0;
				LD_RUNPATH_SEARCH_PATHS = (
					"$(inherited)",
					"@executable_path/Frameworks",
				);
				MARKETING_VERSION = 1.0;
				PRODUCT_BUNDLE_IDENTIFIER = com.faizmokhtar.LottieTest;
				PRODUCT_NAME = "$(TARGET_NAME)";
				SWIFT_EMIT_LOC_STRINGS = YES;
				SWIFT_VERSION = 5.0;
				TARGETED_DEVICE_FAMILY = "1,2";
			};
			name = Debug;
		};
		4A437CFF27D5D5AD006C110D /* Release */ = {
			isa = XCBuildConfiguration;
			baseConfigurationReference = 6236261407F92F9987D7CEB3 /* Pods-LottieTest.release.xcconfig */;
			buildSettings = {
				ASSETCATALOG_COMPILER_APPICON_NAME = AppIcon;
				ASSETCATALOG_COMPILER_GLOBAL_ACCENT_COLOR_NAME = AccentColor;
				CODE_SIGN_STYLE = Automatic;
				CURRENT_PROJECT_VERSION = 1;
				DEVELOPMENT_ASSET_PATHS = "\"LottieTest/Preview Content\"";
				DEVELOPMENT_TEAM = 96ZJY6AYCD;
				ENABLE_PREVIEWS = YES;
				GENERATE_INFOPLIST_FILE = YES;
				INFOPLIST_KEY_UIApplicationSceneManifest_Generation = YES;
				INFOPLIST_KEY_UIApplicationSupportsIndirectInputEvents = YES;
				INFOPLIST_KEY_UILaunchScreen_Generation = YES;
				INFOPLIST_KEY_UISupportedInterfaceOrientations_iPad = "UIInterfaceOrientationPortrait UIInterfaceOrientationPortraitUpsideDown UIInterfaceOrientationLandscapeLeft UIInterfaceOrientationLandscapeRight";
				INFOPLIST_KEY_UISupportedInterfaceOrientations_iPhone = "UIInterfaceOrientationPortrait UIInterfaceOrientationLandscapeLeft UIInterfaceOrientationLandscapeRight";
				IPHONEOS_DEPLOYMENT_TARGET = 14.0;
				LD_RUNPATH_SEARCH_PATHS = (
					"$(inherited)",
					"@executable_path/Frameworks",
				);
				MARKETING_VERSION = 1.0;
				PRODUCT_BUNDLE_IDENTIFIER = com.faizmokhtar.LottieTest;
				PRODUCT_NAME = "$(TARGET_NAME)";
				SWIFT_EMIT_LOC_STRINGS = YES;
				SWIFT_VERSION = 5.0;
				TARGETED_DEVICE_FAMILY = "1,2";
			};
			name = Release;
		};
		4A437D0127D5D5AD006C110D /* Debug */ = {
			isa = XCBuildConfiguration;
			baseConfigurationReference = 070EAAB81346EB635DDD92B8 /* Pods-LottieTestTests.debug.xcconfig */;
			buildSettings = {
				ALWAYS_EMBED_SWIFT_STANDARD_LIBRARIES = YES;
				BUNDLE_LOADER = "$(TEST_HOST)";
				CODE_SIGN_STYLE = Automatic;
				CURRENT_PROJECT_VERSION = 1;
				DEVELOPMENT_TEAM = 96ZJY6AYCD;
				GENERATE_INFOPLIST_FILE = YES;
				IPHONEOS_DEPLOYMENT_TARGET = 14.0;
				LD_RUNPATH_SEARCH_PATHS = (
					"$(inherited)",
					"@executable_path/Frameworks",
					"@loader_path/Frameworks",
				);
				MARKETING_VERSION = 1.0;
				PRODUCT_BUNDLE_IDENTIFIER = com.faizmokhtar.LottieTestTests;
				PRODUCT_NAME = "$(TARGET_NAME)";
				SWIFT_EMIT_LOC_STRINGS = NO;
				SWIFT_VERSION = 5.0;
				TARGETED_DEVICE_FAMILY = "1,2";
				TEST_HOST = "$(BUILT_PRODUCTS_DIR)/LottieTest.app/LottieTest";
			};
			name = Debug;
		};
		4A437D0227D5D5AD006C110D /* Release */ = {
			isa = XCBuildConfiguration;
			baseConfigurationReference = 13533E144F6F8DB07A118AF5 /* Pods-LottieTestTests.release.xcconfig */;
			buildSettings = {
				ALWAYS_EMBED_SWIFT_STANDARD_LIBRARIES = YES;
				BUNDLE_LOADER = "$(TEST_HOST)";
				CODE_SIGN_STYLE = Automatic;
				CURRENT_PROJECT_VERSION = 1;
				DEVELOPMENT_TEAM = 96ZJY6AYCD;
				GENERATE_INFOPLIST_FILE = YES;
				IPHONEOS_DEPLOYMENT_TARGET = 14.0;
				LD_RUNPATH_SEARCH_PATHS = (
					"$(inherited)",
					"@executable_path/Frameworks",
					"@loader_path/Frameworks",
				);
				MARKETING_VERSION = 1.0;
				PRODUCT_BUNDLE_IDENTIFIER = com.faizmokhtar.LottieTestTests;
				PRODUCT_NAME = "$(TARGET_NAME)";
				SWIFT_EMIT_LOC_STRINGS = NO;
				SWIFT_VERSION = 5.0;
				TARGETED_DEVICE_FAMILY = "1,2";
				TEST_HOST = "$(BUILT_PRODUCTS_DIR)/LottieTest.app/LottieTest";
			};
			name = Release;
		};
		4A437D0427D5D5AD006C110D /* Debug */ = {
			isa = XCBuildConfiguration;
			baseConfigurationReference = 93C12A6F71FE0DDEC746270A /* Pods-LottieTest-LottieTestUITests.debug.xcconfig */;
			buildSettings = {
				ALWAYS_EMBED_SWIFT_STANDARD_LIBRARIES = YES;
				CODE_SIGN_STYLE = Automatic;
				CURRENT_PROJECT_VERSION = 1;
				DEVELOPMENT_TEAM = 96ZJY6AYCD;
				GENERATE_INFOPLIST_FILE = YES;
				LD_RUNPATH_SEARCH_PATHS = (
					"$(inherited)",
					"@executable_path/Frameworks",
					"@loader_path/Frameworks",
				);
				MARKETING_VERSION = 1.0;
				PRODUCT_BUNDLE_IDENTIFIER = com.faizmokhtar.LottieTestUITests;
				PRODUCT_NAME = "$(TARGET_NAME)";
				SWIFT_EMIT_LOC_STRINGS = NO;
				SWIFT_VERSION = 5.0;
				TARGETED_DEVICE_FAMILY = "1,2";
				TEST_TARGET_NAME = LottieTest;
			};
			name = Debug;
		};
		4A437D0527D5D5AD006C110D /* Release */ = {
			isa = XCBuildConfiguration;
			baseConfigurationReference = F44F26BD31255B8357E8D52B /* Pods-LottieTest-LottieTestUITests.release.xcconfig */;
			buildSettings = {
				ALWAYS_EMBED_SWIFT_STANDARD_LIBRARIES = YES;
				CODE_SIGN_STYLE = Automatic;
				CURRENT_PROJECT_VERSION = 1;
				DEVELOPMENT_TEAM = 96ZJY6AYCD;
				GENERATE_INFOPLIST_FILE = YES;
				LD_RUNPATH_SEARCH_PATHS = (
					"$(inherited)",
					"@executable_path/Frameworks",
					"@loader_path/Frameworks",
				);
				MARKETING_VERSION = 1.0;
				PRODUCT_BUNDLE_IDENTIFIER = com.faizmokhtar.LottieTestUITests;
				PRODUCT_NAME = "$(TARGET_NAME)";
				SWIFT_EMIT_LOC_STRINGS = NO;
				SWIFT_VERSION = 5.0;
				TARGETED_DEVICE_FAMILY = "1,2";
				TEST_TARGET_NAME = LottieTest;
			};
			name = Release;
		};
/* End XCBuildConfiguration section */

/* Begin XCConfigurationList section */
		4A437CD427D5D5A8006C110D /* Build configuration list for PBXProject "LottieTest" */ = {
			isa = XCConfigurationList;
			buildConfigurations = (
				4A437CFB27D5D5AD006C110D /* Debug */,
				4A437CFC27D5D5AD006C110D /* Release */,
			);
			defaultConfigurationIsVisible = 0;
			defaultConfigurationName = Release;
		};
		4A437CFD27D5D5AD006C110D /* Build configuration list for PBXNativeTarget "LottieTest" */ = {
			isa = XCConfigurationList;
			buildConfigurations = (
				4A437CFE27D5D5AD006C110D /* Debug */,
				4A437CFF27D5D5AD006C110D /* Release */,
			);
			defaultConfigurationIsVisible = 0;
			defaultConfigurationName = Release;
		};
		4A437D0027D5D5AD006C110D /* Build configuration list for PBXNativeTarget "LottieTestTests" */ = {
			isa = XCConfigurationList;
			buildConfigurations = (
				4A437D0127D5D5AD006C110D /* Debug */,
				4A437D0227D5D5AD006C110D /* Release */,
			);
			defaultConfigurationIsVisible = 0;
			defaultConfigurationName = Release;
		};
		4A437D0327D5D5AD006C110D /* Build configuration list for PBXNativeTarget "LottieTestUITests" */ = {
			isa = XCConfigurationList;
			buildConfigurations = (
				4A437D0427D5D5AD006C110D /* Debug */,
				4A437D0527D5D5AD006C110D /* Release */,
			);
			defaultConfigurationIsVisible = 0;
			defaultConfigurationName = Release;
		};
/* End XCConfigurationList section */
	};
	rootObject = 4A437CD127D5D5A8006C110D /* Project object */;
}
